
Microsoft Visual Studio Solution File, Format Version 12.00
# Visual Studio Version 17
VisualStudioVersion = 17.2.32602.215
MinimumVisualStudioVersion = 10.0.40219.1
Project("{9A19103F-16F7-4668-BE54-9A1E7A4F7556}") = "SQLWrapper", "SQLWrapper\SQLWrapper.csproj", "{A0AED38C-FA72-4066-B754-86C9C7409455}"
EndProject
Project("{9A19103F-16F7-4668-BE54-9A1E7A4F7556}") = "SQLWrapperTest", "SQLWrapperTest\SQLWrapperTest.csproj", "{F89AA816-6179-46BD-9EBB-0F4F485632D6}"
EndProject
Global
	GlobalSection(SolutionConfigurationPlatforms) = preSolution
		Debug|Any CPU = Debug|Any CPU
		Release|Any CPU = Release|Any CPU
	EndGlobalSection
	GlobalSection(ProjectConfigurationPlatforms) = postSolution
		{A0AED38C-FA72-4066-B754-86C9C7409455}.Debug|Any CPU.ActiveCfg = Debug|Any CPU
		{A0AED38C-FA72-4066-B754-86C9C7409455}.Debug|Any CPU.Build.0 = Debug|Any CPU
		{A0AED38C-FA72-4066-B754-86C9C7409455}.Release|Any CPU.ActiveCfg = Release|Any CPU
		{A0AED38C-FA72-4066-B754-86C9C7409455}.Release|Any CPU.Build.0 = Release|Any CPU
		{F89AA816-6179-46BD-9EBB-0F4F485632D6}.Debug|Any CPU.ActiveCfg = Debug|Any CPU
		{F89AA816-6179-46BD-9EBB-0F4F485632D6}.Debug|Any CPU.Build.0 = Debug|Any CPU
		{F89AA816-6179-46BD-9EBB-0F4F485632D6}.Release|Any CPU.ActiveCfg = Release|Any CPU
		{F89AA816-6179-46BD-9EBB-0F4F485632D6}.Release|Any CPU.Build.0 = Release|Any CPU
	EndGlobalSection
	GlobalSection(SolutionProperties) = preSolution
		HideSolutionNode = FALSE
	EndGlobalSection
	GlobalSection(ExtensibilityGlobals) = postSolution
		SolutionGuid = {F7AE211E-F15D-43EF-AA86-566CB66874DB}
	EndGlobalSection
EndGlobal
